
Microsoft Visual Studio Solution File, Format Version 12.00
# Visual Studio Version 16
VisualStudioVersion = 16.0.31005.135
MinimumVisualStudioVersion = 10.0.40219.1
Project("{FAE04EC0-301F-11D3-BF4B-00C04F79EFBC}") = "CarShop", "CarShop\CarShop.csproj", "{C8D80274-7F3D-4482-B552-67423523DAFC}"
EndProject
Global
	GlobalSection(SolutionConfigurationPlatforms) = preSolution
		Debug|Any CPU = Debug|Any CPU
		Release|Any CPU = Release|Any CPU
	EndGlobalSection
	GlobalSection(ProjectConfigurationPlatforms) = postSolution
		{C8D80274-7F3D-4482-B552-67423523DAFC}.Debug|Any CPU.ActiveCfg = Debug|Any CPU
		{C8D80274-7F3D-4482-B552-67423523DAFC}.Debug|Any CPU.Build.0 = Debug|Any CPU
		{C8D80274-7F3D-4482-B552-67423523DAFC}.Release|Any CPU.ActiveCfg = Release|Any CPU
		{C8D80274-7F3D-4482-B552-67423523DAFC}.Release|Any CPU.Build.0 = Release|Any CPU
	EndGlobalSection
	GlobalSection(SolutionProperties) = preSolution
		HideSolutionNode = FALSE
	EndGlobalSection
	GlobalSection(ExtensibilityGlobals) = postSolution
		SolutionGuid = {FF9200B8-5A9A-4EF1-A00A-842651EF39D4}
	EndGlobalSection
EndGlobal
